// !$*UTF8*$!
{
	archiveVersion = 1;
	classes = {
	};
	objectVersion = 46;
	objects = {

/* Begin PBXBuildFile section */
		17EDFF381C22C5630036AC8B /* AppDelegate.swift in Sources */ = {isa = PBXBuildFile; fileRef = 17EDFF371C22C5630036AC8B /* AppDelegate.swift */; };
		17EDFF3A1C22C5630036AC8B /* ViewController.swift in Sources */ = {isa = PBXBuildFile; fileRef = 17EDFF391C22C5630036AC8B /* ViewController.swift */; };
		17EDFF3D1C22C5630036AC8B /* Main.storyboard in Resources */ = {isa = PBXBuildFile; fileRef = 17EDFF3B1C22C5630036AC8B /* Main.storyboard */; };
		17EDFF3F1C22C5630036AC8B /* Assets.xcassets in Resources */ = {isa = PBXBuildFile; fileRef = 17EDFF3E1C22C5630036AC8B /* Assets.xcassets */; };
		17EDFF421C22C5630036AC8B /* LaunchScreen.storyboard in Resources */ = {isa = PBXBuildFile; fileRef = 17EDFF401C22C5630036AC8B /* LaunchScreen.storyboard */; };
		17EDFF4D1C22C5630036AC8B /* peticionAlServidorOpenLibraryTests.swift in Sources */ = {isa = PBXBuildFile; fileRef = 17EDFF4C1C22C5630036AC8B /* peticionAlServidorOpenLibraryTests.swift */; };
		17EDFF581C22C5640036AC8B /* peticionAlServidorOpenLibraryUITests.swift in Sources */ = {isa = PBXBuildFile; fileRef = 17EDFF571C22C5640036AC8B /* peticionAlServidorOpenLibraryUITests.swift */; };
		17F2F2DD1C37DE1600D80636 /* ListaLibros.swift in Sources */ = {isa = PBXBuildFile; fileRef = 17F2F2DC1C37DE1600D80636 /* ListaLibros.swift */; };
/* End PBXBuildFile section */

/* Begin PBXContainerItemProxy section */
		17EDFF491C22C5630036AC8B /* PBXContainerItemProxy */ = {
			isa = PBXContainerItemProxy;
			containerPortal = 17EDFF2C1C22C5630036AC8B /* Project object */;
			proxyType = 1;
			remoteGlobalIDString = 17EDFF331C22C5630036AC8B;
			remoteInfo = peticionAlServidorOpenLibrary;
		};
		17EDFF541C22C5640036AC8B /* PBXContainerItemProxy */ = {
			isa = PBXContainerItemProxy;
			containerPortal = 17EDFF2C1C22C5630036AC8B /* Project object */;
			proxyType = 1;
			remoteGlobalIDString = 17EDFF331C22C5630036AC8B;
			remoteInfo = peticionAlServidorOpenLibrary;
		};
/* End PBXContainerItemProxy section */

/* Begin PBXFileReference section */
		17EDFF341C22C5630036AC8B /* peticionAlServidorOpenLibrary.app */ = {isa = PBXFileReference; explicitFileType = wrapper.application; includeInIndex = 0; path = peticionAlServidorOpenLibrary.app; sourceTree = BUILT_PRODUCTS_DIR; };
		17EDFF371C22C5630036AC8B /* AppDelegate.swift */ = {isa = PBXFileReference; lastKnownFileType = sourcecode.swift; path = AppDelegate.swift; sourceTree = "<group>"; };
		17EDFF391C22C5630036AC8B /* ViewController.swift */ = {isa = PBXFileReference; lastKnownFileType = sourcecode.swift; path = ViewController.swift; sourceTree = "<group>"; };
		17EDFF3C1C22C5630036AC8B /* Base */ = {isa = PBXFileReference; lastKnownFileType = file.storyboard; name = Base; path = Base.lproj/Main.storyboard; sourceTree = "<group>"; };
		17EDFF3E1C22C5630036AC8B /* Assets.xcassets */ = {isa = PBXFileReference; lastKnownFileType = folder.assetcatalog; path = Assets.xcassets; sourceTree = "<group>"; };
		17EDFF411C22C5630036AC8B /* Base */ = {isa = PBXFileReference; lastKnownFileType = file.storyboard; name = Base; path = Base.lproj/LaunchScreen.storyboard; sourceTree = "<group>"; };
		17EDFF431C22C5630036AC8B /* Info.plist */ = {isa = PBXFileReference; lastKnownFileType = text.plist.xml; path = Info.plist; sourceTree = "<group>"; };
		17EDFF481C22C5630036AC8B /* peticionAlServidorOpenLibraryTests.xctest */ = {isa = PBXFileReference; explicitFileType = wrapper.cfbundle; includeInIndex = 0; path = peticionAlServidorOpenLibraryTests.xctest; sourceTree = BUILT_PRODUCTS_DIR; };
		17EDFF4C1C22C5630036AC8B /* peticionAlServidorOpenLibraryTests.swift */ = {isa = PBXFileReference; lastKnownFileType = sourcecode.swift; path = peticionAlServidorOpenLibraryTests.swift; sourceTree = "<group>"; };
		17EDFF4E1C22C5630036AC8B /* Info.plist */ = {isa = PBXFileReference; lastKnownFileType = text.plist.xml; path = Info.plist; sourceTree = "<group>"; };
		17EDFF531C22C5640036AC8B /* peticionAlServidorOpenLibraryUITests.xctest */ = {isa = PBXFileReference; explicitFileType = wrapper.cfbundle; includeInIndex = 0; path = peticionAlServidorOpenLibraryUITests.xctest; sourceTree = BUILT_PRODUCTS_DIR; };
		17EDFF571C22C5640036AC8B /* peticionAlServidorOpenLibraryUITests.swift */ = {isa = PBXFileReference; lastKnownFileType = sourcecode.swift; path = peticionAlServidorOpenLibraryUITests.swift; sourceTree = "<group>"; };
		17EDFF591C22C5640036AC8B /* Info.plist */ = {isa = PBXFileReference; lastKnownFileType = text.plist.xml; path = Info.plist; sourceTree = "<group>"; };
		17F2F2DC1C37DE1600D80636 /* ListaLibros.swift */ = {isa = PBXFileReference; fileEncoding = 4; lastKnownFileType = sourcecode.swift; path = ListaLibros.swift; sourceTree = "<group>"; };
/* End PBXFileReference section */

/* Begin PBXFrameworksBuildPhase section */
		17EDFF311C22C5630036AC8B /* Frameworks */ = {
			isa = PBXFrameworksBuildPhase;
			buildActionMask = 2147483647;
			files = (
			);
			runOnlyForDeploymentPostprocessing = 0;
		};
		17EDFF451C22C5630036AC8B /* Frameworks */ = {
			isa = PBXFrameworksBuildPhase;
			buildActionMask = 2147483647;
			files = (
			);
			runOnlyForDeploymentPostprocessing = 0;
		};
		17EDFF501C22C5630036AC8B /* Frameworks */ = {
			isa = PBXFrameworksBuildPhase;
			buildActionMask = 2147483647;
			files = (
			);
			runOnlyForDeploymentPostprocessing = 0;
		};
/* End PBXFrameworksBuildPhase section */

/* Begin PBXGroup section */
		17EDFF2B1C22C5630036AC8B = {
			isa = PBXGroup;
			children = (
				17EDFF361C22C5630036AC8B /* peticionAlServidorOpenLibrary */,
				17EDFF4B1C22C5630036AC8B /* peticionAlServidorOpenLibraryTests */,
				17EDFF561C22C5640036AC8B /* peticionAlServidorOpenLibraryUITests */,
				17EDFF351C22C5630036AC8B /* Products */,
			);
			sourceTree = "<group>";
		};
		17EDFF351C22C5630036AC8B /* Products */ = {
			isa = PBXGroup;
			children = (
				17EDFF341C22C5630036AC8B /* peticionAlServidorOpenLibrary.app */,
				17EDFF481C22C5630036AC8B /* peticionAlServidorOpenLibraryTests.xctest */,
				17EDFF531C22C5640036AC8B /* peticionAlServidorOpenLibraryUITests.xctest */,
			);
			name = Products;
			sourceTree = "<group>";
		};
		17EDFF361C22C5630036AC8B /* peticionAlServidorOpenLibrary */ = {
			isa = PBXGroup;
			children = (
				17EDFF371C22C5630036AC8B /* AppDelegate.swift */,
				17EDFF391C22C5630036AC8B /* ViewController.swift */,
				17F2F2DC1C37DE1600D80636 /* ListaLibros.swift */,
				17EDFF3B1C22C5630036AC8B /* Main.storyboard */,
				17EDFF3E1C22C5630036AC8B /* Assets.xcassets */,
				17EDFF401C22C5630036AC8B /* LaunchScreen.storyboard */,
				17EDFF431C22C5630036AC8B /* Info.plist */,
			);
			path = peticionAlServidorOpenLibrary;
			sourceTree = "<group>";
		};
		17EDFF4B1C22C5630036AC8B /* peticionAlServidorOpenLibraryTests */ = {
			isa = PBXGroup;
			children = (
				17EDFF4C1C22C5630036AC8B /* peticionAlServidorOpenLibraryTests.swift */,
				17EDFF4E1C22C5630036AC8B /* Info.plist */,
			);
			path = peticionAlServidorOpenLibraryTests;
			sourceTree = "<group>";
		};
		17EDFF561C22C5640036AC8B /* peticionAlServidorOpenLibraryUITests */ = {
			isa = PBXGroup;
			children = (
				17EDFF571C22C5640036AC8B /* peticionAlServidorOpenLibraryUITests.swift */,
				17EDFF591C22C5640036AC8B /* Info.plist */,
			);
			path = peticionAlServidorOpenLibraryUITests;
			sourceTree = "<group>";
		};
/* End PBXGroup section */

/* Begin PBXNativeTarget section */
		17EDFF331C22C5630036AC8B /* peticionAlServidorOpenLibrary */ = {
			isa = PBXNativeTarget;
			buildConfigurationList = 17EDFF5C1C22C5640036AC8B /* Build configuration list for PBXNativeTarget "peticionAlServidorOpenLibrary" */;
			buildPhases = (
				17EDFF301C22C5630036AC8B /* Sources */,
				17EDFF311C22C5630036AC8B /* Frameworks */,
				17EDFF321C22C5630036AC8B /* Resources */,
			);
			buildRules = (
			);
			dependencies = (
			);
			name = peticionAlServidorOpenLibrary;
			productName = peticionAlServidorOpenLibrary;
			productReference = 17EDFF341C22C5630036AC8B /* peticionAlServidorOpenLibrary.app */;
			productType = "com.apple.product-type.application";
		};
		17EDFF471C22C5630036AC8B /* peticionAlServidorOpenLibraryTests */ = {
			isa = PBXNativeTarget;
			buildConfigurationList = 17EDFF5F1C22C5640036AC8B /* Build configuration list for PBXNativeTarget "peticionAlServidorOpenLibraryTests" */;
			buildPhases = (
				17EDFF441C22C5630036AC8B /* Sources */,
				17EDFF451C22C5630036AC8B /* Frameworks */,
				17EDFF461C22C5630036AC8B /* Resources */,
			);
			buildRules = (
			);
			dependencies = (
				17EDFF4A1C22C5630036AC8B /* PBXTargetDependency */,
			);
			name = peticionAlServidorOpenLibraryTests;
			productName = peticionAlServidorOpenLibraryTests;
			productReference = 17EDFF481C22C5630036AC8B /* peticionAlServidorOpenLibraryTests.xctest */;
			productType = "com.apple.product-type.bundle.unit-test";
		};
		17EDFF521C22C5630036AC8B /* peticionAlServidorOpenLibraryUITests */ = {
			isa = PBXNativeTarget;
			buildConfigurationList = 17EDFF621C22C5640036AC8B /* Build configuration list for PBXNativeTarget "peticionAlServidorOpenLibraryUITests" */;
			buildPhases = (
				17EDFF4F1C22C5630036AC8B /* Sources */,
				17EDFF501C22C5630036AC8B /* Frameworks */,
				17EDFF511C22C5630036AC8B /* Resources */,
			);
			buildRules = (
			);
			dependencies = (
				17EDFF551C22C5640036AC8B /* PBXTargetDependency */,
			);
			name = peticionAlServidorOpenLibraryUITests;
			productName = peticionAlServidorOpenLibraryUITests;
			productReference = 17EDFF531C22C5640036AC8B /* peticionAlServidorOpenLibraryUITests.xctest */;
			productType = "com.apple.product-type.bundle.ui-testing";
		};
/* End PBXNativeTarget section */

/* Begin PBXProject section */
		17EDFF2C1C22C5630036AC8B /* Project object */ = {
			isa = PBXProject;
			attributes = {
				LastSwiftUpdateCheck = 0720;
				LastUpgradeCheck = 0720;
				ORGANIZATIONNAME = "Marcos Suarez";
				TargetAttributes = {
					17EDFF331C22C5630036AC8B = {
						CreatedOnToolsVersion = 7.2;
						DevelopmentTeam = 8CMRPSP89R;
					};
					17EDFF471C22C5630036AC8B = {
						CreatedOnToolsVersion = 7.2;
						DevelopmentTeam = 8CMRPSP89R;
						TestTargetID = 17EDFF331C22C5630036AC8B;
					};
					17EDFF521C22C5630036AC8B = {
						CreatedOnToolsVersion = 7.2;
						DevelopmentTeam = 8CMRPSP89R;
						TestTargetID = 17EDFF331C22C5630036AC8B;
					};
				};
			};
			buildConfigurationList = 17EDFF2F1C22C5630036AC8B /* Build configuration list for PBXProject "peticionAlServidorOpenLibrary" */;
			compatibilityVersion = "Xcode 3.2";
			developmentRegion = English;
			hasScannedForEncodings = 0;
			knownRegions = (
				en,
				Base,
			);
			mainGroup = 17EDFF2B1C22C5630036AC8B;
			productRefGroup = 17EDFF351C22C5630036AC8B /* Products */;
			projectDirPath = "";
			projectRoot = "";
			targets = (
				17EDFF331C22C5630036AC8B /* peticionAlServidorOpenLibrary */,
				17EDFF471C22C5630036AC8B /* peticionAlServidorOpenLibraryTests */,
				17EDFF521C22C5630036AC8B /* peticionAlServidorOpenLibraryUITests */,
			);
		};
/* End PBXProject section */

/* Begin PBXResourcesBuildPhase section */
		17EDFF321C22C5630036AC8B /* Resources */ = {
			isa = PBXResourcesBuildPhase;
			buildActionMask = 2147483647;
			files = (
				17EDFF421C22C5630036AC8B /* LaunchScreen.storyboard in Resources */,
				17EDFF3F1C22C5630036AC8B /* Assets.xcassets in Resources */,
				17EDFF3D1C22C5630036AC8B /* Main.storyboard in Resources */,
			);
			runOnlyForDeploymentPostprocessing = 0;
		};
		17EDFF461C22C5630036AC8B /* Resources */ = {
			isa = PBXResourcesBuildPhase;
			buildActionMask = 2147483647;
			files = (
			);
			runOnlyForDeploymentPostprocessing = 0;
		};
		17EDFF511C22C5630036AC8B /* Resources */ = {
			isa = PBXResourcesBuildPhase;
			buildActionMask = 2147483647;
			files = (
			);
			runOnlyForDeploymentPostprocessing = 0;
		};
/* End PBXResourcesBuildPhase section */

/* Begin PBXSourcesBuildPhase section */
		17EDFF301C22C5630036AC8B /* Sources */ = {
			isa = PBXSourcesBuildPhase;
			buildActionMask = 2147483647;
			files = (
				17EDFF3A1C22C5630036AC8B /* ViewController.swift in Sources */,
				17F2F2DD1C37DE1600D80636 /* ListaLibros.swift in Sources */,
				17EDFF381C22C5630036AC8B /* AppDelegate.swift in Sources */,
			);
			runOnlyForDeploymentPostprocessing = 0;
		};
		17EDFF441C22C5630036AC8B /* Sources */ = {
			isa = PBXSourcesBuildPhase;
			buildActionMask = 2147483647;
			files = (
				17EDFF4D1C22C5630036AC8B /* peticionAlServidorOpenLibraryTests.swift in Sources */,
			);
			runOnlyForDeploymentPostprocessing = 0;
		};
		17EDFF4F1C22C5630036AC8B /* Sources */ = {
			isa = PBXSourcesBuildPhase;
			buildActionMask = 2147483647;
			files = (
				17EDFF581C22C5640036AC8B /* peticionAlServidorOpenLibraryUITests.swift in Sources */,
			);
			runOnlyForDeploymentPostprocessing = 0;
		};
/* End PBXSourcesBuildPhase section */

/* Begin PBXTargetDependency section */
		17EDFF4A1C22C5630036AC8B /* PBXTargetDependency */ = {
			isa = PBXTargetDependency;
			target = 17EDFF331C22C5630036AC8B /* peticionAlServidorOpenLibrary */;
			targetProxy = 17EDFF491C22C5630036AC8B /* PBXContainerItemProxy */;
		};
		17EDFF551C22C5640036AC8B /* PBXTargetDependency */ = {
			isa = PBXTargetDependency;
			target = 17EDFF331C22C5630036AC8B /* peticionAlServidorOpenLibrary */;
			targetProxy = 17EDFF541C22C5640036AC8B /* PBXContainerItemProxy */;
		};
/* End PBXTargetDependency section */

/* Begin PBXVariantGroup section */
		17EDFF3B1C22C5630036AC8B /* Main.storyboard */ = {
			isa = PBXVariantGroup;
			children = (
				17EDFF3C1C22C5630036AC8B /* Base */,
			);
			name = Main.storyboard;
			sourceTree = "<group>";
		};
		17EDFF401C22C5630036AC8B /* LaunchScreen.storyboard */ = {
			isa = PBXVariantGroup;
			children = (
				17EDFF411C22C5630036AC8B /* Base */,
			);
			name = LaunchScreen.storyboard;
			sourceTree = "<group>";
		};
/* End PBXVariantGroup section */

/* Begin XCBuildConfiguration section */
		17EDFF5A1C22C5640036AC8B /* Debug */ = {
			isa = XCBuildConfiguration;
			buildSettings = {
				ALWAYS_SEARCH_USER_PATHS = NO;
				CLANG_CXX_LANGUAGE_STANDARD = "gnu++0x";
				CLANG_CXX_LIBRARY = "libc++";
				CLANG_ENABLE_MODULES = YES;
				CLANG_ENABLE_OBJC_ARC = YES;
				CLANG_WARN_BOOL_CONVERSION = YES;
				CLANG_WARN_CONSTANT_CONVERSION = YES;
				CLANG_WARN_DIRECT_OBJC_ISA_USAGE = YES_ERROR;
				CLANG_WARN_EMPTY_BODY = YES;
				CLANG_WARN_ENUM_CONVERSION = YES;
				CLANG_WARN_INT_CONVERSION = YES;
				CLANG_WARN_OBJC_ROOT_CLASS = YES_ERROR;
				CLANG_WARN_UNREACHABLE_CODE = YES;
				CLANG_WARN__DUPLICATE_METHOD_MATCH = YES;
				"CODE_SIGN_IDENTITY[sdk=iphoneos*]" = "iPhone Developer";
				COPY_PHASE_STRIP = NO;
				DEBUG_INFORMATION_FORMAT = dwarf;
				ENABLE_STRICT_OBJC_MSGSEND = YES;
				ENABLE_TESTABILITY = YES;
				GCC_C_LANGUAGE_STANDARD = gnu99;
				GCC_DYNAMIC_NO_PIC = NO;
				GCC_NO_COMMON_BLOCKS = YES;
				GCC_OPTIMIZATION_LEVEL = 0;
				GCC_PREPROCESSOR_DEFINITIONS = (
					"DEBUG=1",
					"$(inherited)",
				);
				GCC_WARN_64_TO_32_BIT_CONVERSION = YES;
				GCC_WARN_ABOUT_RETURN_TYPE = YES_ERROR;
				GCC_WARN_UNDECLARED_SELECTOR = YES;
				GCC_WARN_UNINITIALIZED_AUTOS = YES_AGGRESSIVE;
				GCC_WARN_UNUSED_FUNCTION = YES;
				GCC_WARN_UNUSED_VARIABLE = YES;
				IPHONEOS_DEPLOYMENT_TARGET = 9.2;
				MTL_ENABLE_DEBUG_INFO = YES;
				ONLY_ACTIVE_ARCH = YES;
				SDKROOT = iphoneos;
				SWIFT_OPTIMIZATION_LEVEL = "-Onone";
				TARGETED_DEVICE_FAMILY = "1,2";
			};
			name = Debug;
		};
		17EDFF5B1C22C5640036AC8B /* Release */ = {
			isa = XCBuildConfiguration;
			buildSettings = {
				ALWAYS_SEARCH_USER_PATHS = NO;
				CLANG_CXX_LANGUAGE_STANDARD = "gnu++0x";
				CLANG_CXX_LIBRARY = "libc++";
				CLANG_ENABLE_MODULES = YES;
				CLANG_ENABLE_OBJC_ARC = YES;
				CLANG_WARN_BOOL_CONVERSION = YES;
				CLANG_WARN_CONSTANT_CONVERSION = YES;
				CLANG_WARN_DIRECT_OBJC_ISA_USAGE = YES_ERROR;
				CLANG_WARN_EMPTY_BODY = YES;
				CLANG_WARN_ENUM_CONVERSION = YES;
				CLANG_WARN_INT_CONVERSION = YES;
				CLANG_WARN_OBJC_ROOT_CLASS = YES_ERROR;
				CLANG_WARN_UNREACHABLE_CODE = YES;
				CLANG_WARN__DUPLICATE_METHOD_MATCH = YES;
				"CODE_SIGN_IDENTITY[sdk=iphoneos*]" = "iPhone Developer";
				COPY_PHASE_STRIP = NO;
				DEBUG_INFORMATION_FORMAT = "dwarf-with-dsym";
				ENABLE_NS_ASSERTIONS = NO;
				ENABLE_STRICT_OBJC_MSGSEND = YES;
				GCC_C_LANGUAGE_STANDARD = gnu99;
				GCC_NO_COMMON_BLOCKS = YES;
				GCC_WARN_64_TO_32_BIT_CONVERSION = YES;
				GCC_WARN_ABOUT_RETURN_TYPE = YES_ERROR;
				GCC_WARN_UNDECLARED_SELECTOR = YES;
				GCC_WARN_UNINITIALIZED_AUTOS = YES_AGGRESSIVE;
				GCC_WARN_UNUSED_FUNCTION = YES;
				GCC_WARN_UNUSED_VARIABLE = YES;
				IPHONEOS_DEPLOYMENT_TARGET = 9.2;
				MTL_ENABLE_DEBUG_INFO = NO;
				SDKROOT = iphoneos;
				TARGETED_DEVICE_FAMILY = "1,2";
				VALIDATE_PRODUCT = YES;
			};
			name = Release;
		};
		17EDFF5D1C22C5640036AC8B /* Debug */ = {
			isa = XCBuildConfiguration;
			buildSettings = {
				ASSETCATALOG_COMPILER_APPICON_NAME = AppIcon;
				INFOPLIST_FILE = peticionAlServidorOpenLibrary/Info.plist;
				LD_RUNPATH_SEARCH_PATHS = "$(inherited) @executable_path/Frameworks";
				PRODUCT_BUNDLE_IDENTIFIER = suarez.marcos.peticionAlServidorOpenLibrary;
				PRODUCT_NAME = "$(TARGET_NAME)";
			};
			name = Debug;
		};
		17EDFF5E1C22C5640036AC8B /* Release */ = {
			isa = XCBuildConfiguration;
			buildSettings = {
				ASSETCATALOG_COMPILER_APPICON_NAME = AppIcon;
				INFOPLIST_FILE = peticionAlServidorOpenLibrary/Info.plist;
				LD_RUNPATH_SEARCH_PATHS = "$(inherited) @executable_path/Frameworks";
				PRODUCT_BUNDLE_IDENTIFIER = suarez.marcos.peticionAlServidorOpenLibrary;
				PRODUCT_NAME = "$(TARGET_NAME)";
			};
			name = Release;
		};
		17EDFF601C22C5640036AC8B /* Debug */ = {
			isa = XCBuildConfiguration;
			buildSettings = {
				BUNDLE_LOADER = "$(TEST_HOST)";
				INFOPLIST_FILE = peticionAlServidorOpenLibraryTests/Info.plist;
				LD_RUNPATH_SEARCH_PATHS = "$(inherited) @executable_path/Frameworks @loader_path/Frameworks";
				PRODUCT_BUNDLE_IDENTIFIER = suarez.marcos.peticionAlServidorOpenLibraryTests;
				PRODUCT_NAME = "$(TARGET_NAME)";
				TEST_HOST = "$(BUILT_PRODUCTS_DIR)/peticionAlServidorOpenLibrary.app/peticionAlServidorOpenLibrary";
			};
			name = Debug;
		};
		17EDFF611C22C5640036AC8B /* Release */ = {
			isa = XCBuildConfiguration;
			buildSettings = {
				BUNDLE_LOADER = "$(TEST_HOST)";
				INFOPLIST_FILE = peticionAlServidorOpenLibraryTests/Info.plist;
				LD_RUNPATH_SEARCH_PATHS = "$(inherited) @executable_path/Frameworks @loader_path/Frameworks";
				PRODUCT_BUNDLE_IDENTIFIER = suarez.marcos.peticionAlServidorOpenLibraryTests;
				PRODUCT_NAME = "$(TARGET_NAME)";
				TEST_HOST = "$(BUILT_PRODUCTS_DIR)/peticionAlServidorOpenLibrary.app/peticionAlServidorOpenLibrary";
			};
			name = Release;
		};
		17EDFF631C22C5640036AC8B /* Debug */ = {
			isa = XCBuildConfiguration;
			buildSettings = {
				INFOPLIST_FILE = peticionAlServidorOpenLibraryUITests/Info.plist;
				LD_RUNPATH_SEARCH_PATHS = "$(inherited) @executable_path/Frameworks @loader_path/Frameworks";
				PRODUCT_BUNDLE_IDENTIFIER = suarez.marcos.peticionAlServidorOpenLibraryUITests;
				PRODUCT_NAME = "$(TARGET_NAME)";
				TEST_TARGET_NAME = peticionAlServidorOpenLibrary;
				USES_XCTRUNNER = YES;
			};
			name = Debug;
		};
		17EDFF641C22C5640036AC8B /* Release */ = {
			isa = XCBuildConfiguration;
			buildSettings = {
				INFOPLIST_FILE = peticionAlServidorOpenLibraryUITests/Info.plist;
				LD_RUNPATH_SEARCH_PATHS = "$(inherited) @executable_path/Frameworks @loader_path/Frameworks";
				PRODUCT_BUNDLE_IDENTIFIER = suarez.marcos.peticionAlServidorOpenLibraryUITests;
				PRODUCT_NAME = "$(TARGET_NAME)";
				TEST_TARGET_NAME = peticionAlServidorOpenLibrary;
				USES_XCTRUNNER = YES;
			};
			name = Release;
		};
/* End XCBuildConfiguration section */

/* Begin XCConfigurationList section */
		17EDFF2F1C22C5630036AC8B /* Build configuration list for PBXProject "peticionAlServidorOpenLibrary" */ = {
			isa = XCConfigurationList;
			buildConfigurations = (
				17EDFF5A1C22C5640036AC8B /* Debug */,
				17EDFF5B1C22C5640036AC8B /* Release */,
			);
			defaultConfigurationIsVisible = 0;
			defaultConfigurationName = Release;
		};
		17EDFF5C1C22C5640036AC8B /* Build configuration list for PBXNativeTarget "peticionAlServidorOpenLibrary" */ = {
			isa = XCConfigurationList;
			buildConfigurations = (
				17EDFF5D1C22C5640036AC8B /* Debug */,
				17EDFF5E1C22C5640036AC8B /* Release */,
			);
			defaultConfigurationIsVisible = 0;
			defaultConfigurationName = Release;
		};
		17EDFF5F1C22C5640036AC8B /* Build configuration list for PBXNativeTarget "peticionAlServidorOpenLibraryTests" */ = {
			isa = XCConfigurationList;
			buildConfigurations = (
				17EDFF601C22C5640036AC8B /* Debug */,
				17EDFF611C22C5640036AC8B /* Release */,
			);
			defaultConfigurationIsVisible = 0;
			defaultConfigurationName = Release;
		};
		17EDFF621C22C5640036AC8B /* Build configuration list for PBXNativeTarget "peticionAlServidorOpenLibraryUITests" */ = {
			isa = XCConfigurationList;
			buildConfigurations = (
				17EDFF631C22C5640036AC8B /* Debug */,
				17EDFF641C22C5640036AC8B /* Release */,
			);
			defaultConfigurationIsVisible = 0;
			defaultConfigurationName = Release;
		};
/* End XCConfigurationList section */
	};
	rootObject = 17EDFF2C1C22C5630036AC8B /* Project object */;
}
